
Microsoft Visual Studio Solution File, Format Version 12.00
# Visual Studio 15
VisualStudioVersion = 15.0.27130.2026
MinimumVisualStudioVersion = 10.0.40219.1
Project("{9A19103F-16F7-4668-BE54-9A1E7A4F7556}") = "azboot18", "azboot18.csproj", "{D3873400-F2A3-4AEF-85AF-A60DA1C039E4}"
EndProject
Project("{E53339B2-1760-4266-BCC7-CA923CBCF16C}") = "docker-compose", "docker-compose.dcproj", "{EA2107FD-BAD5-4A9D-89B1-4C9B557EF345}"
EndProject
Global
	GlobalSection(SolutionConfigurationPlatforms) = preSolution
		Debug|Any CPU = Debug|Any CPU
		Release|Any CPU = Release|Any CPU
	EndGlobalSection
	GlobalSection(ProjectConfigurationPlatforms) = postSolution
		{D3873400-F2A3-4AEF-85AF-A60DA1C039E4}.Debug|Any CPU.ActiveCfg = Debug|Any CPU
		{D3873400-F2A3-4AEF-85AF-A60DA1C039E4}.Debug|Any CPU.Build.0 = Debug|Any CPU
		{D3873400-F2A3-4AEF-85AF-A60DA1C039E4}.Release|Any CPU.ActiveCfg = Release|Any CPU
		{D3873400-F2A3-4AEF-85AF-A60DA1C039E4}.Release|Any CPU.Build.0 = Release|Any CPU
		{EA2107FD-BAD5-4A9D-89B1-4C9B557EF345}.Debug|Any CPU.ActiveCfg = Debug|Any CPU
		{EA2107FD-BAD5-4A9D-89B1-4C9B557EF345}.Debug|Any CPU.Build.0 = Debug|Any CPU
		{EA2107FD-BAD5-4A9D-89B1-4C9B557EF345}.Release|Any CPU.ActiveCfg = Release|Any CPU
		{EA2107FD-BAD5-4A9D-89B1-4C9B557EF345}.Release|Any CPU.Build.0 = Release|Any CPU
	EndGlobalSection
	GlobalSection(SolutionProperties) = preSolution
		HideSolutionNode = FALSE
	EndGlobalSection
	GlobalSection(ExtensibilityGlobals) = postSolution
		SolutionGuid = {FDAC7B44-D335-4F93-9636-531D0E982218}
	EndGlobalSection
EndGlobal
